
Microsoft Visual Studio Solution File, Format Version 12.00
# Visual Studio 15
VisualStudioVersion = 15.0.28307.136
MinimumVisualStudioVersion = 10.0.40219.1
Project("{9A19103F-16F7-4668-BE54-9A1E7A4F7556}") = "DatingApp.API", "DatingApp.API.csproj", "{F722EEC8-141B-461E-B558-4C26460FF564}"
EndProject
Global
	GlobalSection(SolutionConfigurationPlatforms) = preSolution
		Debug|Any CPU = Debug|Any CPU
		Release|Any CPU = Release|Any CPU
	EndGlobalSection
	GlobalSection(ProjectConfigurationPlatforms) = postSolution
		{F722EEC8-141B-461E-B558-4C26460FF564}.Debug|Any CPU.ActiveCfg = Debug|Any CPU
		{F722EEC8-141B-461E-B558-4C26460FF564}.Debug|Any CPU.Build.0 = Debug|Any CPU
		{F722EEC8-141B-461E-B558-4C26460FF564}.Release|Any CPU.ActiveCfg = Release|Any CPU
		{F722EEC8-141B-461E-B558-4C26460FF564}.Release|Any CPU.Build.0 = Release|Any CPU
	EndGlobalSection
	GlobalSection(SolutionProperties) = preSolution
		HideSolutionNode = FALSE
	EndGlobalSection
	GlobalSection(ExtensibilityGlobals) = postSolution
		SolutionGuid = {E0615D53-38B4-48C1-B36A-A46A82007924}
	EndGlobalSection
EndGlobal
